
Microsoft Visual Studio Solution File, Format Version 12.00
# Visual Studio Version 17
VisualStudioVersion = 17.12.35514.174 d17.12
MinimumVisualStudioVersion = 10.0.40219.1
Project("{FAE04EC0-301F-11D3-BF4B-00C04F79EFBC}") = "web", "web\web.csproj", "{F3AFEC90-86F4-49F1-A675-D897ACE0F99D}"
EndProject
Project("{FAE04EC0-301F-11D3-BF4B-00C04F79EFBC}") = "DAL", "DAL\DAL.csproj", "{A9688363-E1B4-40D5-9C73-40E389510797}"
EndProject
Project("{FAE04EC0-301F-11D3-BF4B-00C04F79EFBC}") = "BL", "BL\BL.csproj", "{C4414C9F-D52E-4970-9161-139B207473C6}"
EndProject
Project("{FAE04EC0-301F-11D3-BF4B-00C04F79EFBC}") = "DTO", "DTO\DTO.csproj", "{514B88AD-D2D3-402A-B1E7-A1B3150EE74D}"
EndProject
Global
	GlobalSection(SolutionConfigurationPlatforms) = preSolution
		Debug|Any CPU = Debug|Any CPU
		Release|Any CPU = Release|Any CPU
	EndGlobalSection
	GlobalSection(ProjectConfigurationPlatforms) = postSolution
		{F3AFEC90-86F4-49F1-A675-D897ACE0F99D}.Debug|Any CPU.ActiveCfg = Debug|Any CPU
		{F3AFEC90-86F4-49F1-A675-D897ACE0F99D}.Debug|Any CPU.Build.0 = Debug|Any CPU
		{F3AFEC90-86F4-49F1-A675-D897ACE0F99D}.Release|Any CPU.ActiveCfg = Release|Any CPU
		{F3AFEC90-86F4-49F1-A675-D897ACE0F99D}.Release|Any CPU.Build.0 = Release|Any CPU
		{A9688363-E1B4-40D5-9C73-40E389510797}.Debug|Any CPU.ActiveCfg = Debug|Any CPU
		{A9688363-E1B4-40D5-9C73-40E389510797}.Debug|Any CPU.Build.0 = Debug|Any CPU
		{A9688363-E1B4-40D5-9C73-40E389510797}.Release|Any CPU.ActiveCfg = Release|Any CPU
		{A9688363-E1B4-40D5-9C73-40E389510797}.Release|Any CPU.Build.0 = Release|Any CPU
		{C4414C9F-D52E-4970-9161-139B207473C6}.Debug|Any CPU.ActiveCfg = Debug|Any CPU
		{C4414C9F-D52E-4970-9161-139B207473C6}.Debug|Any CPU.Build.0 = Debug|Any CPU
		{C4414C9F-D52E-4970-9161-139B207473C6}.Release|Any CPU.ActiveCfg = Release|Any CPU
		{C4414C9F-D52E-4970-9161-139B207473C6}.Release|Any CPU.Build.0 = Release|Any CPU
		{514B88AD-D2D3-402A-B1E7-A1B3150EE74D}.Debug|Any CPU.ActiveCfg = Debug|Any CPU
		{514B88AD-D2D3-402A-B1E7-A1B3150EE74D}.Debug|Any CPU.Build.0 = Debug|Any CPU
		{514B88AD-D2D3-402A-B1E7-A1B3150EE74D}.Release|Any CPU.ActiveCfg = Release|Any CPU
		{514B88AD-D2D3-402A-B1E7-A1B3150EE74D}.Release|Any CPU.Build.0 = Release|Any CPU
	EndGlobalSection
	GlobalSection(SolutionProperties) = preSolution
		HideSolutionNode = FALSE
	EndGlobalSection
EndGlobal
